// !$*UTF8*$!
{
	archiveVersion = 1;
	classes = {
	};
	objectVersion = 46;
	objects = {

/* Begin PBXFileReference section */
		24E0884B1850DF3C00FAD6A2 /* Calc.jj */ = {isa = PBXFileReference; lastKnownFileType = text; path = Calc.jj; sourceTree = "<group>"; xcLanguageSpecificationIdentifier = xcode.lang.java; };
		24E0885A1850DF3C00FAD6A2 /* fatorial */ = {isa = PBXFileReference; lastKnownFileType = text; path = fatorial; sourceTree = "<group>"; };
		24E0885F1850DF3C00FAD6A2 /* hanoi */ = {isa = PBXFileReference; lastKnownFileType = text; path = hanoi; sourceTree = "<group>"; };
		24E088671850DF3C00FAD6A2 /* Makefile */ = {isa = PBXFileReference; lastKnownFileType = sourcecode.make; path = Makefile; sourceTree = "<group>"; };
		24E088761850DF3C00FAD6A2 /* quadrado */ = {isa = PBXFileReference; lastKnownFileType = text; path = quadrado; sourceTree = "<group>"; };
		24E0887F1850DF3C00FAD6A2 /* simples */ = {isa = PBXFileReference; lastKnownFileType = text; path = simples; sourceTree = "<group>"; };
		24E088801850DF3C00FAD6A2 /* simples2 */ = {isa = PBXFileReference; lastKnownFileType = text; path = simples2; sourceTree = "<group>"; };
		24E0888B1850DF3C00FAD6A2 /* yara */ = {isa = PBXFileReference; lastKnownFileType = text; path = yara; sourceTree = "<group>"; };
		24E088E91850E10D00FAD6A2 /* Calc.java */ = {isa = PBXFileReference; fileEncoding = 4; lastKnownFileType = sourcecode.java; path = Calc.java; sourceTree = "<group>"; };
		24E088EC1850E10D00FAD6A2 /* Computador.java */ = {isa = PBXFileReference; fileEncoding = 4; lastKnownFileType = sourcecode.java; path = Computador.java; sourceTree = "<group>"; };
		24E088ED1850E10D00FAD6A2 /* Empilhavel.java */ = {isa = PBXFileReference; fileEncoding = 4; lastKnownFileType = sourcecode.java; path = Empilhavel.java; sourceTree = "<group>"; };
		24E088EE1850E10D00FAD6A2 /* Instrucao.java */ = {isa = PBXFileReference; fileEncoding = 4; lastKnownFileType = sourcecode.java; path = Instrucao.java; sourceTree = "<group>"; };
		24E088F01850E10D00FAD6A2 /* Pilha.java */ = {isa = PBXFileReference; fileEncoding = 4; lastKnownFileType = sourcecode.java; path = Pilha.java; sourceTree = "<group>"; };
		24E088F11850E10D00FAD6A2 /* Simbolo.java */ = {isa = PBXFileReference; fileEncoding = 4; lastKnownFileType = sourcecode.java; path = Simbolo.java; sourceTree = "<group>"; };
		24E088F31850E10D00FAD6A2 /* TabSim.java */ = {isa = PBXFileReference; fileEncoding = 4; lastKnownFileType = sourcecode.java; path = TabSim.java; sourceTree = "<group>"; };
/* End PBXFileReference section */

/* Begin PBXGroup section */
		24E0883F1850DF3C00FAD6A2 = {
			isa = PBXGroup;
			children = (
				24E0885A1850DF3C00FAD6A2 /* fatorial */,
				24E0885F1850DF3C00FAD6A2 /* hanoi */,
				24E088671850DF3C00FAD6A2 /* Makefile */,
				24E088761850DF3C00FAD6A2 /* quadrado */,
				24E0887F1850DF3C00FAD6A2 /* simples */,
				24E088801850DF3C00FAD6A2 /* simples2 */,
				24E0888B1850DF3C00FAD6A2 /* yara */,
				24E0884B1850DF3C00FAD6A2 /* Calc.jj */,
				24E088E91850E10D00FAD6A2 /* Calc.java */,
				24E088EC1850E10D00FAD6A2 /* Computador.java */,
				24E088ED1850E10D00FAD6A2 /* Empilhavel.java */,
				24E088EE1850E10D00FAD6A2 /* Instrucao.java */,
				24E088F01850E10D00FAD6A2 /* Pilha.java */,
				24E088F11850E10D00FAD6A2 /* Simbolo.java */,
				24E088F31850E10D00FAD6A2 /* TabSim.java */,
			);
			sourceTree = "<group>";
		};
/* End PBXGroup section */

/* Begin PBXLegacyTarget section */
		24E088441850DF3C00FAD6A2 /* Compilador */ = {
			isa = PBXLegacyTarget;
			buildArgumentsString = "$(ACTION)";
			buildConfigurationList = 24E0888D1850DF3C00FAD6A2 /* Build configuration list for PBXLegacyTarget "Compilador" */;
			buildPhases = (
			);
			buildToolPath = /usr/bin/make;
			buildWorkingDirectory = "/Users/vini/Development/Academic/LabProg 2/robotbattle/Compilador";
			dependencies = (
			);
			name = Compilador;
			passBuildSettingsInEnvironment = 1;
			productName = Compilador;
		};
/* End PBXLegacyTarget section */

/* Begin PBXProject section */
		24E088401850DF3C00FAD6A2 /* Project object */ = {
			isa = PBXProject;
			attributes = {
			};
			buildConfigurationList = 24E088431850DF3C00FAD6A2 /* Build configuration list for PBXProject "Compilador" */;
			compatibilityVersion = "Xcode 3.2";
			developmentRegion = English;
			hasScannedForEncodings = 0;
			knownRegions = (
				en,
			);
			mainGroup = 24E0883F1850DF3C00FAD6A2;
			projectDirPath = "";
			projectRoot = "";
			targets = (
				24E088441850DF3C00FAD6A2 /* Compilador */,
			);
		};
/* End PBXProject section */

/* Begin XCBuildConfiguration section */
		24E088411850DF3C00FAD6A2 /* Debug */ = {
			isa = XCBuildConfiguration;
			buildSettings = {
				ARCHS = "$(ARCHS_STANDARD_32_BIT)";
				COPY_PHASE_STRIP = NO;
				GCC_WARN_ABOUT_RETURN_TYPE = YES;
				GCC_WARN_UNUSED_VARIABLE = YES;
				ONLY_ACTIVE_ARCH = YES;
				SDKROOT = macosx10.6;
			};
			name = Debug;
		};
		24E088421850DF3C00FAD6A2 /* Release */ = {
			isa = XCBuildConfiguration;
			buildSettings = {
				ARCHS = "$(ARCHS_STANDARD_32_BIT)";
				COPY_PHASE_STRIP = YES;
				GCC_WARN_ABOUT_RETURN_TYPE = YES;
				GCC_WARN_UNUSED_VARIABLE = YES;
				SDKROOT = macosx10.6;
			};
			name = Release;
		};
		24E0888E1850DF3C00FAD6A2 /* Debug */ = {
			isa = XCBuildConfiguration;
			buildSettings = {
				COPY_PHASE_STRIP = NO;
				DEBUGGING_SYMBOLS = YES;
				GCC_DYNAMIC_NO_PIC = NO;
				GCC_ENABLE_FIX_AND_CONTINUE = YES;
				GCC_GENERATE_DEBUGGING_SYMBOLS = YES;
				GCC_OPTIMIZATION_LEVEL = 0;
				OTHER_CFLAGS = "";
				OTHER_LDFLAGS = "";
				PRODUCT_NAME = Compilador;
			};
			name = Debug;
		};
		24E0888F1850DF3C00FAD6A2 /* Release */ = {
			isa = XCBuildConfiguration;
			buildSettings = {
				COPY_PHASE_STRIP = YES;
				DEBUG_INFORMATION_FORMAT = "dwarf-with-dsym";
				GCC_ENABLE_FIX_AND_CONTINUE = NO;
				OTHER_CFLAGS = "";
				OTHER_LDFLAGS = "";
				PRODUCT_NAME = Compilador;
			};
			name = Release;
		};
/* End XCBuildConfiguration section */

/* Begin XCConfigurationList section */
		24E088431850DF3C00FAD6A2 /* Build configuration list for PBXProject "Compilador" */ = {
			isa = XCConfigurationList;
			buildConfigurations = (
				24E088411850DF3C00FAD6A2 /* Debug */,
				24E088421850DF3C00FAD6A2 /* Release */,
			);
			defaultConfigurationIsVisible = 0;
			defaultConfigurationName = Release;
		};
		24E0888D1850DF3C00FAD6A2 /* Build configuration list for PBXLegacyTarget "Compilador" */ = {
			isa = XCConfigurationList;
			buildConfigurations = (
				24E0888E1850DF3C00FAD6A2 /* Debug */,
				24E0888F1850DF3C00FAD6A2 /* Release */,
			);
			defaultConfigurationIsVisible = 0;
			defaultConfigurationName = Release;
		};
/* End XCConfigurationList section */
	};
	rootObject = 24E088401850DF3C00FAD6A2 /* Project object */;
}
